
Microsoft Visual Studio Solution File, Format Version 12.00
# Visual Studio Version 16
VisualStudioVersion = 16.0.30503.244
MinimumVisualStudioVersion = 10.0.40219.1
Project("{00D1A9C2-B5F0-4AF3-8072-F6C62B433612}") = "DatabaseProject__1", "DatabaseProject__1\DatabaseProject__1.sqlproj", "{9E725B40-1E51-40CC-A536-5F6D160ACCFF}"
EndProject
Global
	GlobalSection(SolutionConfigurationPlatforms) = preSolution
		Debug|Any CPU = Debug|Any CPU
		Release|Any CPU = Release|Any CPU
	EndGlobalSection
	GlobalSection(ProjectConfigurationPlatforms) = postSolution
		{9E725B40-1E51-40CC-A536-5F6D160ACCFF}.Debug|Any CPU.ActiveCfg = Debug|Any CPU
		{9E725B40-1E51-40CC-A536-5F6D160ACCFF}.Debug|Any CPU.Build.0 = Debug|Any CPU
		{9E725B40-1E51-40CC-A536-5F6D160ACCFF}.Debug|Any CPU.Deploy.0 = Debug|Any CPU
		{9E725B40-1E51-40CC-A536-5F6D160ACCFF}.Release|Any CPU.ActiveCfg = Release|Any CPU
		{9E725B40-1E51-40CC-A536-5F6D160ACCFF}.Release|Any CPU.Build.0 = Release|Any CPU
		{9E725B40-1E51-40CC-A536-5F6D160ACCFF}.Release|Any CPU.Deploy.0 = Release|Any CPU
	EndGlobalSection
	GlobalSection(SolutionProperties) = preSolution
		HideSolutionNode = FALSE
	EndGlobalSection
	GlobalSection(ExtensibilityGlobals) = postSolution
		SolutionGuid = {10CFCAAF-9F8A-4A40-B91A-492AF5EBBC54}
	EndGlobalSection
EndGlobal
